
Microsoft Visual Studio Solution File, Format Version 12.00
# Visual Studio Version 17
VisualStudioVersion = 17.2.32602.215
MinimumVisualStudioVersion = 10.0.40219.1
Project("{FAE04EC0-301F-11D3-BF4B-00C04F79EFBC}") = "Fibonacci", "Fibonacci\Fibonacci.csproj", "{96BE34D3-0AE5-42E3-B6CD-669F6C742D5B}"
EndProject
Global
	GlobalSection(SolutionConfigurationPlatforms) = preSolution
		Debug|Any CPU = Debug|Any CPU
		Release|Any CPU = Release|Any CPU
	EndGlobalSection
	GlobalSection(ProjectConfigurationPlatforms) = postSolution
		{96BE34D3-0AE5-42E3-B6CD-669F6C742D5B}.Debug|Any CPU.ActiveCfg = Debug|Any CPU
		{96BE34D3-0AE5-42E3-B6CD-669F6C742D5B}.Debug|Any CPU.Build.0 = Debug|Any CPU
		{96BE34D3-0AE5-42E3-B6CD-669F6C742D5B}.Release|Any CPU.ActiveCfg = Release|Any CPU
		{96BE34D3-0AE5-42E3-B6CD-669F6C742D5B}.Release|Any CPU.Build.0 = Release|Any CPU
	EndGlobalSection
	GlobalSection(SolutionProperties) = preSolution
		HideSolutionNode = FALSE
	EndGlobalSection
	GlobalSection(ExtensibilityGlobals) = postSolution
		SolutionGuid = {BA6220C3-8538-4FF5-9B48-34D3E9B409AF}
	EndGlobalSection
EndGlobal
